
Microsoft Visual Studio Solution File, Format Version 12.00
# Visual Studio Version 17
VisualStudioVersion = 17.3.32922.545
MinimumVisualStudioVersion = 10.0.40219.1
Project("{9A19103F-16F7-4668-BE54-9A1E7A4F7556}") = "ejercicio1", "ejercicio1\ejercicio1.csproj", "{48B4DFB3-2813-49A6-B311-BEEE224283BE}"
EndProject
Project("{9A19103F-16F7-4668-BE54-9A1E7A4F7556}") = "ejercicio2", "ejercicio2\ejercicio2.csproj", "{230B8370-63C2-442C-9977-B5ADA9D2E1D4}"
EndProject
Project("{9A19103F-16F7-4668-BE54-9A1E7A4F7556}") = "ejercicio3", "ejercicio3\ejercicio3.csproj", "{3F29CE25-481C-4DD0-AD8A-0C336E3026DD}"
EndProject
Project("{9A19103F-16F7-4668-BE54-9A1E7A4F7556}") = "ejercicio4", "ejercicio4\ejercicio4.csproj", "{2465DBB7-1238-46C4-84C1-B77BC1B9498D}"
EndProject
Project("{9A19103F-16F7-4668-BE54-9A1E7A4F7556}") = "ejercicio5", "ejercicio5\ejercicio5.csproj", "{458C8ED7-3BA2-4687-9972-870298791574}"
EndProject
Project("{9A19103F-16F7-4668-BE54-9A1E7A4F7556}") = "ejercicio6", "ejercicio6\ejercicio6.csproj", "{18C269C8-928E-4C07-A24A-6D69698B58F3}"
EndProject
Project("{9A19103F-16F7-4668-BE54-9A1E7A4F7556}") = "ejercicio7", "ejercicio7\ejercicio7.csproj", "{0DD2A745-E6BE-4ACE-9693-EDFE63F7A47F}"
EndProject
Project("{9A19103F-16F7-4668-BE54-9A1E7A4F7556}") = "ejercicio8", "ejercicio8\ejercicio8.csproj", "{7B4D9460-447D-475D-A88B-872016DE4310}"
EndProject
Project("{9A19103F-16F7-4668-BE54-9A1E7A4F7556}") = "ejercicio9", "ejercicio9\ejercicio9.csproj", "{926AC1DD-D9EB-407B-92F0-A59F0028C913}"
EndProject
Project("{9A19103F-16F7-4668-BE54-9A1E7A4F7556}") = "ejercicio10", "ejercicio10\ejercicio10.csproj", "{DE1323DD-A439-448E-8323-FEE9BE79ACE4}"
EndProject
Project("{9A19103F-16F7-4668-BE54-9A1E7A4F7556}") = "ejercicio11", "ejercicio11\ejercicio11.csproj", "{10502B83-BA9F-4188-A24D-0B240A6FE4FB}"
EndProject
Project("{9A19103F-16F7-4668-BE54-9A1E7A4F7556}") = "ejercicio12", "ejercicio12\ejercicio12.csproj", "{D8E6DEA5-A353-4408-AFC2-E6E671729A7D}"
EndProject
Project("{9A19103F-16F7-4668-BE54-9A1E7A4F7556}") = "ejercicio13", "ejercicio13\ejercicio13.csproj", "{2E07FA77-6942-45B0-9A9B-78F668F0063E}"
EndProject
Project("{9A19103F-16F7-4668-BE54-9A1E7A4F7556}") = "ejercicio14", "ejercicio14\ejercicio14.csproj", "{BA5F715C-EDEF-4791-B99D-2AA517289348}"
EndProject
Project("{9A19103F-16F7-4668-BE54-9A1E7A4F7556}") = "ejercicio15", "ejercicio15\ejercicio15.csproj", "{77EF1436-43AD-4C3A-A52A-B04E61CB3627}"
EndProject
Project("{9A19103F-16F7-4668-BE54-9A1E7A4F7556}") = "ejercicio16", "ejercicio16\ejercicio16.csproj", "{E22B64BF-EADA-4480-BAA8-4E8D184A5863}"
EndProject
Project("{9A19103F-16F7-4668-BE54-9A1E7A4F7556}") = "ejercicio17", "ejercicio17\ejercicio17.csproj", "{BA7AD1BD-3DF1-418A-AB8A-546B4E042A92}"
EndProject
Project("{9A19103F-16F7-4668-BE54-9A1E7A4F7556}") = "ejercicio18", "ejercicio18\ejercicio18.csproj", "{9AA77137-6DD5-4E86-B05E-A842D4E9900D}"
EndProject
Project("{9A19103F-16F7-4668-BE54-9A1E7A4F7556}") = "ejercicio20", "ejercicio20\ejercicio20.csproj", "{6A1E929A-C4FD-4394-8099-A9535A99CC0F}"
EndProject
Project("{9A19103F-16F7-4668-BE54-9A1E7A4F7556}") = "ejercicio21", "ejercicio21\ejercicio21.csproj", "{B36780FA-3ADA-4F8A-A6C7-69B036B9E14F}"
EndProject
Project("{9A19103F-16F7-4668-BE54-9A1E7A4F7556}") = "ejercicio22", "ejercicio22\ejercicio22.csproj", "{11769EEE-5CB3-46C4-A366-6400F3B791BD}"
EndProject
Project("{9A19103F-16F7-4668-BE54-9A1E7A4F7556}") = "ejercicio23", "ejercicio23\ejercicio23.csproj", "{44AFB5B3-EC3A-43CD-B163-3E160B3E6B32}"
EndProject
Project("{9A19103F-16F7-4668-BE54-9A1E7A4F7556}") = "ejercicio24", "ejercicio24\ejercicio24.csproj", "{AD5AA991-D4B9-4C44-86E2-CC6B95ED1FC0}"
EndProject
Project("{9A19103F-16F7-4668-BE54-9A1E7A4F7556}") = "ejercicio25", "ejercicio25\ejercicio25.csproj", "{33C67AAD-76D3-4E06-A65F-462F33DF41F2}"
EndProject
Project("{9A19103F-16F7-4668-BE54-9A1E7A4F7556}") = "ejercicio26", "ejercicio26\ejercicio26.csproj", "{3FC34907-2D07-4F4A-9070-24275D3ACBDE}"
EndProject
Project("{9A19103F-16F7-4668-BE54-9A1E7A4F7556}") = "ejercicio27", "ejercicio27\ejercicio27.csproj", "{8489D4E9-51CA-49A7-98B8-AA8EB527A5E6}"
EndProject
Project("{9A19103F-16F7-4668-BE54-9A1E7A4F7556}") = "ejercicio28", "ejercicio28\ejercicio28.csproj", "{28FC5807-4934-4925-8B09-A724D57CB92A}"
EndProject
Project("{9A19103F-16F7-4668-BE54-9A1E7A4F7556}") = "ejercicio29", "ejercicio29\ejercicio29.csproj", "{0732A58C-EAA3-4FBB-B965-F4682DFAAF5D}"
EndProject
Project("{9A19103F-16F7-4668-BE54-9A1E7A4F7556}") = "ejercicio30", "ejercicio30\ejercicio30.csproj", "{477EFE1D-0B2D-4EA7-A9D1-E69CCA415A6A}"
EndProject
Project("{9A19103F-16F7-4668-BE54-9A1E7A4F7556}") = "ejercicio31", "ejercicio31\ejercicio31.csproj", "{D86489C5-4B99-4697-B4EA-307027D95638}"
EndProject
Project("{9A19103F-16F7-4668-BE54-9A1E7A4F7556}") = "ejercicio32", "ejercicio32\ejercicio32.csproj", "{042CFEC8-523A-41B9-9FD1-849746722A51}"
EndProject
Project("{9A19103F-16F7-4668-BE54-9A1E7A4F7556}") = "ejercicio33", "ejercicio33\ejercicio33.csproj", "{567D870A-4DA7-482A-86AE-130672C85FC1}"
EndProject
Project("{9A19103F-16F7-4668-BE54-9A1E7A4F7556}") = "ejercicio34", "ejercicio34\ejercicio34.csproj", "{4F549719-42C8-46DC-B24F-36062D1E4567}"
EndProject
Project("{9A19103F-16F7-4668-BE54-9A1E7A4F7556}") = "ejercicio35", "ejercicio35\ejercicio35.csproj", "{82E509D7-3620-483C-99F7-BCFDD3A80EF1}"
EndProject
Project("{9A19103F-16F7-4668-BE54-9A1E7A4F7556}") = "ejercicio36", "ejercicio36\ejercicio36.csproj", "{9E3F07B7-1C13-464F-9D70-308AEE9AD91A}"
EndProject
Project("{FAE04EC0-301F-11D3-BF4B-00C04F79EFBC}") = "ejercicio37", "ejercicio37\ejercicio37.csproj", "{736DE4CB-0352-44DC-9836-BEF9E2142AA7}"
EndProject
Project("{FAE04EC0-301F-11D3-BF4B-00C04F79EFBC}") = "ejercicio38", "ejercicio38\ejercicio38.csproj", "{5D31E825-182B-422B-BAF6-700D9D792949}"
EndProject
Project("{FAE04EC0-301F-11D3-BF4B-00C04F79EFBC}") = "Diamante", "Diamante\Diamante.csproj", "{CCA83981-16EB-4FDE-9FB7-E0A2472C4053}"
EndProject
Global
	GlobalSection(SolutionConfigurationPlatforms) = preSolution
		Debug|Any CPU = Debug|Any CPU
		Release|Any CPU = Release|Any CPU
	EndGlobalSection
	GlobalSection(ProjectConfigurationPlatforms) = postSolution
		{48B4DFB3-2813-49A6-B311-BEEE224283BE}.Debug|Any CPU.ActiveCfg = Debug|Any CPU
		{48B4DFB3-2813-49A6-B311-BEEE224283BE}.Debug|Any CPU.Build.0 = Debug|Any CPU
		{48B4DFB3-2813-49A6-B311-BEEE224283BE}.Release|Any CPU.ActiveCfg = Release|Any CPU
		{48B4DFB3-2813-49A6-B311-BEEE224283BE}.Release|Any CPU.Build.0 = Release|Any CPU
		{230B8370-63C2-442C-9977-B5ADA9D2E1D4}.Debug|Any CPU.ActiveCfg = Debug|Any CPU
		{230B8370-63C2-442C-9977-B5ADA9D2E1D4}.Debug|Any CPU.Build.0 = Debug|Any CPU
		{230B8370-63C2-442C-9977-B5ADA9D2E1D4}.Release|Any CPU.ActiveCfg = Release|Any CPU
		{230B8370-63C2-442C-9977-B5ADA9D2E1D4}.Release|Any CPU.Build.0 = Release|Any CPU
		{3F29CE25-481C-4DD0-AD8A-0C336E3026DD}.Debug|Any CPU.ActiveCfg = Debug|Any CPU
		{3F29CE25-481C-4DD0-AD8A-0C336E3026DD}.Debug|Any CPU.Build.0 = Debug|Any CPU
		{3F29CE25-481C-4DD0-AD8A-0C336E3026DD}.Release|Any CPU.ActiveCfg = Release|Any CPU
		{3F29CE25-481C-4DD0-AD8A-0C336E3026DD}.Release|Any CPU.Build.0 = Release|Any CPU
		{2465DBB7-1238-46C4-84C1-B77BC1B9498D}.Debug|Any CPU.ActiveCfg = Debug|Any CPU
		{2465DBB7-1238-46C4-84C1-B77BC1B9498D}.Debug|Any CPU.Build.0 = Debug|Any CPU
		{2465DBB7-1238-46C4-84C1-B77BC1B9498D}.Release|Any CPU.ActiveCfg = Release|Any CPU
		{2465DBB7-1238-46C4-84C1-B77BC1B9498D}.Release|Any CPU.Build.0 = Release|Any CPU
		{458C8ED7-3BA2-4687-9972-870298791574}.Debug|Any CPU.ActiveCfg = Debug|Any CPU
		{458C8ED7-3BA2-4687-9972-870298791574}.Debug|Any CPU.Build.0 = Debug|Any CPU
		{458C8ED7-3BA2-4687-9972-870298791574}.Release|Any CPU.ActiveCfg = Release|Any CPU
		{458C8ED7-3BA2-4687-9972-870298791574}.Release|Any CPU.Build.0 = Release|Any CPU
		{18C269C8-928E-4C07-A24A-6D69698B58F3}.Debug|Any CPU.ActiveCfg = Debug|Any CPU
		{18C269C8-928E-4C07-A24A-6D69698B58F3}.Debug|Any CPU.Build.0 = Debug|Any CPU
		{18C269C8-928E-4C07-A24A-6D69698B58F3}.Release|Any CPU.ActiveCfg = Release|Any CPU
		{18C269C8-928E-4C07-A24A-6D69698B58F3}.Release|Any CPU.Build.0 = Release|Any CPU
		{0DD2A745-E6BE-4ACE-9693-EDFE63F7A47F}.Debug|Any CPU.ActiveCfg = Debug|Any CPU
		{0DD2A745-E6BE-4ACE-9693-EDFE63F7A47F}.Debug|Any CPU.Build.0 = Debug|Any CPU
		{0DD2A745-E6BE-4ACE-9693-EDFE63F7A47F}.Release|Any CPU.ActiveCfg = Release|Any CPU
		{0DD2A745-E6BE-4ACE-9693-EDFE63F7A47F}.Release|Any CPU.Build.0 = Release|Any CPU
		{7B4D9460-447D-475D-A88B-872016DE4310}.Debug|Any CPU.ActiveCfg = Debug|Any CPU
		{7B4D9460-447D-475D-A88B-872016DE4310}.Debug|Any CPU.Build.0 = Debug|Any CPU
		{7B4D9460-447D-475D-A88B-872016DE4310}.Release|Any CPU.ActiveCfg = Release|Any CPU
		{7B4D9460-447D-475D-A88B-872016DE4310}.Release|Any CPU.Build.0 = Release|Any CPU
		{926AC1DD-D9EB-407B-92F0-A59F0028C913}.Debug|Any CPU.ActiveCfg = Debug|Any CPU
		{926AC1DD-D9EB-407B-92F0-A59F0028C913}.Debug|Any CPU.Build.0 = Debug|Any CPU
		{926AC1DD-D9EB-407B-92F0-A59F0028C913}.Release|Any CPU.ActiveCfg = Release|Any CPU
		{926AC1DD-D9EB-407B-92F0-A59F0028C913}.Release|Any CPU.Build.0 = Release|Any CPU
		{DE1323DD-A439-448E-8323-FEE9BE79ACE4}.Debug|Any CPU.ActiveCfg = Debug|Any CPU
		{DE1323DD-A439-448E-8323-FEE9BE79ACE4}.Debug|Any CPU.Build.0 = Debug|Any CPU
		{DE1323DD-A439-448E-8323-FEE9BE79ACE4}.Release|Any CPU.ActiveCfg = Release|Any CPU
		{DE1323DD-A439-448E-8323-FEE9BE79ACE4}.Release|Any CPU.Build.0 = Release|Any CPU
		{10502B83-BA9F-4188-A24D-0B240A6FE4FB}.Debug|Any CPU.ActiveCfg = Debug|Any CPU
		{10502B83-BA9F-4188-A24D-0B240A6FE4FB}.Debug|Any CPU.Build.0 = Debug|Any CPU
		{10502B83-BA9F-4188-A24D-0B240A6FE4FB}.Release|Any CPU.ActiveCfg = Release|Any CPU
		{10502B83-BA9F-4188-A24D-0B240A6FE4FB}.Release|Any CPU.Build.0 = Release|Any CPU
		{D8E6DEA5-A353-4408-AFC2-E6E671729A7D}.Debug|Any CPU.ActiveCfg = Debug|Any CPU
		{D8E6DEA5-A353-4408-AFC2-E6E671729A7D}.Debug|Any CPU.Build.0 = Debug|Any CPU
		{D8E6DEA5-A353-4408-AFC2-E6E671729A7D}.Release|Any CPU.ActiveCfg = Release|Any CPU
		{D8E6DEA5-A353-4408-AFC2-E6E671729A7D}.Release|Any CPU.Build.0 = Release|Any CPU
		{2E07FA77-6942-45B0-9A9B-78F668F0063E}.Debug|Any CPU.ActiveCfg = Debug|Any CPU
		{2E07FA77-6942-45B0-9A9B-78F668F0063E}.Debug|Any CPU.Build.0 = Debug|Any CPU
		{2E07FA77-6942-45B0-9A9B-78F668F0063E}.Release|Any CPU.ActiveCfg = Release|Any CPU
		{2E07FA77-6942-45B0-9A9B-78F668F0063E}.Release|Any CPU.Build.0 = Release|Any CPU
		{BA5F715C-EDEF-4791-B99D-2AA517289348}.Debug|Any CPU.ActiveCfg = Debug|Any CPU
		{BA5F715C-EDEF-4791-B99D-2AA517289348}.Debug|Any CPU.Build.0 = Debug|Any CPU
		{BA5F715C-EDEF-4791-B99D-2AA517289348}.Release|Any CPU.ActiveCfg = Release|Any CPU
		{BA5F715C-EDEF-4791-B99D-2AA517289348}.Release|Any CPU.Build.0 = Release|Any CPU
		{77EF1436-43AD-4C3A-A52A-B04E61CB3627}.Debug|Any CPU.ActiveCfg = Debug|Any CPU
		{77EF1436-43AD-4C3A-A52A-B04E61CB3627}.Debug|Any CPU.Build.0 = Debug|Any CPU
		{77EF1436-43AD-4C3A-A52A-B04E61CB3627}.Release|Any CPU.ActiveCfg = Release|Any CPU
		{77EF1436-43AD-4C3A-A52A-B04E61CB3627}.Release|Any CPU.Build.0 = Release|Any CPU
		{E22B64BF-EADA-4480-BAA8-4E8D184A5863}.Debug|Any CPU.ActiveCfg = Debug|Any CPU
		{E22B64BF-EADA-4480-BAA8-4E8D184A5863}.Debug|Any CPU.Build.0 = Debug|Any CPU
		{E22B64BF-EADA-4480-BAA8-4E8D184A5863}.Release|Any CPU.ActiveCfg = Release|Any CPU
		{E22B64BF-EADA-4480-BAA8-4E8D184A5863}.Release|Any CPU.Build.0 = Release|Any CPU
		{BA7AD1BD-3DF1-418A-AB8A-546B4E042A92}.Debug|Any CPU.ActiveCfg = Debug|Any CPU
		{BA7AD1BD-3DF1-418A-AB8A-546B4E042A92}.Debug|Any CPU.Build.0 = Debug|Any CPU
		{BA7AD1BD-3DF1-418A-AB8A-546B4E042A92}.Release|Any CPU.ActiveCfg = Release|Any CPU
		{BA7AD1BD-3DF1-418A-AB8A-546B4E042A92}.Release|Any CPU.Build.0 = Release|Any CPU
		{9AA77137-6DD5-4E86-B05E-A842D4E9900D}.Debug|Any CPU.ActiveCfg = Debug|Any CPU
		{9AA77137-6DD5-4E86-B05E-A842D4E9900D}.Debug|Any CPU.Build.0 = Debug|Any CPU
		{9AA77137-6DD5-4E86-B05E-A842D4E9900D}.Release|Any CPU.ActiveCfg = Release|Any CPU
		{9AA77137-6DD5-4E86-B05E-A842D4E9900D}.Release|Any CPU.Build.0 = Release|Any CPU
		{6A1E929A-C4FD-4394-8099-A9535A99CC0F}.Debug|Any CPU.ActiveCfg = Debug|Any CPU
		{6A1E929A-C4FD-4394-8099-A9535A99CC0F}.Debug|Any CPU.Build.0 = Debug|Any CPU
		{6A1E929A-C4FD-4394-8099-A9535A99CC0F}.Release|Any CPU.ActiveCfg = Release|Any CPU
		{6A1E929A-C4FD-4394-8099-A9535A99CC0F}.Release|Any CPU.Build.0 = Release|Any CPU
		{B36780FA-3ADA-4F8A-A6C7-69B036B9E14F}.Debug|Any CPU.ActiveCfg = Debug|Any CPU
		{B36780FA-3ADA-4F8A-A6C7-69B036B9E14F}.Debug|Any CPU.Build.0 = Debug|Any CPU
		{B36780FA-3ADA-4F8A-A6C7-69B036B9E14F}.Release|Any CPU.ActiveCfg = Release|Any CPU
		{B36780FA-3ADA-4F8A-A6C7-69B036B9E14F}.Release|Any CPU.Build.0 = Release|Any CPU
		{11769EEE-5CB3-46C4-A366-6400F3B791BD}.Debug|Any CPU.ActiveCfg = Debug|Any CPU
		{11769EEE-5CB3-46C4-A366-6400F3B791BD}.Debug|Any CPU.Build.0 = Debug|Any CPU
		{11769EEE-5CB3-46C4-A366-6400F3B791BD}.Release|Any CPU.ActiveCfg = Release|Any CPU
		{11769EEE-5CB3-46C4-A366-6400F3B791BD}.Release|Any CPU.Build.0 = Release|Any CPU
		{44AFB5B3-EC3A-43CD-B163-3E160B3E6B32}.Debug|Any CPU.ActiveCfg = Debug|Any CPU
		{44AFB5B3-EC3A-43CD-B163-3E160B3E6B32}.Debug|Any CPU.Build.0 = Debug|Any CPU
		{44AFB5B3-EC3A-43CD-B163-3E160B3E6B32}.Release|Any CPU.ActiveCfg = Release|Any CPU
		{44AFB5B3-EC3A-43CD-B163-3E160B3E6B32}.Release|Any CPU.Build.0 = Release|Any CPU
		{AD5AA991-D4B9-4C44-86E2-CC6B95ED1FC0}.Debug|Any CPU.ActiveCfg = Debug|Any CPU
		{AD5AA991-D4B9-4C44-86E2-CC6B95ED1FC0}.Debug|Any CPU.Build.0 = Debug|Any CPU
		{AD5AA991-D4B9-4C44-86E2-CC6B95ED1FC0}.Release|Any CPU.ActiveCfg = Release|Any CPU
		{AD5AA991-D4B9-4C44-86E2-CC6B95ED1FC0}.Release|Any CPU.Build.0 = Release|Any CPU
		{33C67AAD-76D3-4E06-A65F-462F33DF41F2}.Debug|Any CPU.ActiveCfg = Debug|Any CPU
		{33C67AAD-76D3-4E06-A65F-462F33DF41F2}.Debug|Any CPU.Build.0 = Debug|Any CPU
		{33C67AAD-76D3-4E06-A65F-462F33DF41F2}.Release|Any CPU.ActiveCfg = Release|Any CPU
		{33C67AAD-76D3-4E06-A65F-462F33DF41F2}.Release|Any CPU.Build.0 = Release|Any CPU
		{3FC34907-2D07-4F4A-9070-24275D3ACBDE}.Debug|Any CPU.ActiveCfg = Debug|Any CPU
		{3FC34907-2D07-4F4A-9070-24275D3ACBDE}.Debug|Any CPU.Build.0 = Debug|Any CPU
		{3FC34907-2D07-4F4A-9070-24275D3ACBDE}.Release|Any CPU.ActiveCfg = Release|Any CPU
		{3FC34907-2D07-4F4A-9070-24275D3ACBDE}.Release|Any CPU.Build.0 = Release|Any CPU
		{8489D4E9-51CA-49A7-98B8-AA8EB527A5E6}.Debug|Any CPU.ActiveCfg = Debug|Any CPU
		{8489D4E9-51CA-49A7-98B8-AA8EB527A5E6}.Debug|Any CPU.Build.0 = Debug|Any CPU
		{8489D4E9-51CA-49A7-98B8-AA8EB527A5E6}.Release|Any CPU.ActiveCfg = Release|Any CPU
		{8489D4E9-51CA-49A7-98B8-AA8EB527A5E6}.Release|Any CPU.Build.0 = Release|Any CPU
		{28FC5807-4934-4925-8B09-A724D57CB92A}.Debug|Any CPU.ActiveCfg = Debug|Any CPU
		{28FC5807-4934-4925-8B09-A724D57CB92A}.Debug|Any CPU.Build.0 = Debug|Any CPU
		{28FC5807-4934-4925-8B09-A724D57CB92A}.Release|Any CPU.ActiveCfg = Release|Any CPU
		{28FC5807-4934-4925-8B09-A724D57CB92A}.Release|Any CPU.Build.0 = Release|Any CPU
		{0732A58C-EAA3-4FBB-B965-F4682DFAAF5D}.Debug|Any CPU.ActiveCfg = Debug|Any CPU
		{0732A58C-EAA3-4FBB-B965-F4682DFAAF5D}.Debug|Any CPU.Build.0 = Debug|Any CPU
		{0732A58C-EAA3-4FBB-B965-F4682DFAAF5D}.Release|Any CPU.ActiveCfg = Release|Any CPU
		{0732A58C-EAA3-4FBB-B965-F4682DFAAF5D}.Release|Any CPU.Build.0 = Release|Any CPU
		{477EFE1D-0B2D-4EA7-A9D1-E69CCA415A6A}.Debug|Any CPU.ActiveCfg = Debug|Any CPU
		{477EFE1D-0B2D-4EA7-A9D1-E69CCA415A6A}.Debug|Any CPU.Build.0 = Debug|Any CPU
		{477EFE1D-0B2D-4EA7-A9D1-E69CCA415A6A}.Release|Any CPU.ActiveCfg = Release|Any CPU
		{477EFE1D-0B2D-4EA7-A9D1-E69CCA415A6A}.Release|Any CPU.Build.0 = Release|Any CPU
		{D86489C5-4B99-4697-B4EA-307027D95638}.Debug|Any CPU.ActiveCfg = Debug|Any CPU
		{D86489C5-4B99-4697-B4EA-307027D95638}.Debug|Any CPU.Build.0 = Debug|Any CPU
		{D86489C5-4B99-4697-B4EA-307027D95638}.Release|Any CPU.ActiveCfg = Release|Any CPU
		{D86489C5-4B99-4697-B4EA-307027D95638}.Release|Any CPU.Build.0 = Release|Any CPU
		{042CFEC8-523A-41B9-9FD1-849746722A51}.Debug|Any CPU.ActiveCfg = Debug|Any CPU
		{042CFEC8-523A-41B9-9FD1-849746722A51}.Debug|Any CPU.Build.0 = Debug|Any CPU
		{042CFEC8-523A-41B9-9FD1-849746722A51}.Release|Any CPU.ActiveCfg = Release|Any CPU
		{042CFEC8-523A-41B9-9FD1-849746722A51}.Release|Any CPU.Build.0 = Release|Any CPU
		{567D870A-4DA7-482A-86AE-130672C85FC1}.Debug|Any CPU.ActiveCfg = Debug|Any CPU
		{567D870A-4DA7-482A-86AE-130672C85FC1}.Debug|Any CPU.Build.0 = Debug|Any CPU
		{567D870A-4DA7-482A-86AE-130672C85FC1}.Release|Any CPU.ActiveCfg = Release|Any CPU
		{567D870A-4DA7-482A-86AE-130672C85FC1}.Release|Any CPU.Build.0 = Release|Any CPU
		{4F549719-42C8-46DC-B24F-36062D1E4567}.Debug|Any CPU.ActiveCfg = Debug|Any CPU
		{4F549719-42C8-46DC-B24F-36062D1E4567}.Debug|Any CPU.Build.0 = Debug|Any CPU
		{4F549719-42C8-46DC-B24F-36062D1E4567}.Release|Any CPU.ActiveCfg = Release|Any CPU
		{4F549719-42C8-46DC-B24F-36062D1E4567}.Release|Any CPU.Build.0 = Release|Any CPU
		{82E509D7-3620-483C-99F7-BCFDD3A80EF1}.Debug|Any CPU.ActiveCfg = Debug|Any CPU
		{82E509D7-3620-483C-99F7-BCFDD3A80EF1}.Debug|Any CPU.Build.0 = Debug|Any CPU
		{82E509D7-3620-483C-99F7-BCFDD3A80EF1}.Release|Any CPU.ActiveCfg = Release|Any CPU
		{82E509D7-3620-483C-99F7-BCFDD3A80EF1}.Release|Any CPU.Build.0 = Release|Any CPU
		{9E3F07B7-1C13-464F-9D70-308AEE9AD91A}.Debug|Any CPU.ActiveCfg = Debug|Any CPU
		{9E3F07B7-1C13-464F-9D70-308AEE9AD91A}.Debug|Any CPU.Build.0 = Debug|Any CPU
		{9E3F07B7-1C13-464F-9D70-308AEE9AD91A}.Release|Any CPU.ActiveCfg = Release|Any CPU
		{9E3F07B7-1C13-464F-9D70-308AEE9AD91A}.Release|Any CPU.Build.0 = Release|Any CPU
		{736DE4CB-0352-44DC-9836-BEF9E2142AA7}.Debug|Any CPU.ActiveCfg = Debug|Any CPU
		{736DE4CB-0352-44DC-9836-BEF9E2142AA7}.Debug|Any CPU.Build.0 = Debug|Any CPU
		{736DE4CB-0352-44DC-9836-BEF9E2142AA7}.Release|Any CPU.ActiveCfg = Release|Any CPU
		{736DE4CB-0352-44DC-9836-BEF9E2142AA7}.Release|Any CPU.Build.0 = Release|Any CPU
		{5D31E825-182B-422B-BAF6-700D9D792949}.Debug|Any CPU.ActiveCfg = Debug|Any CPU
		{5D31E825-182B-422B-BAF6-700D9D792949}.Debug|Any CPU.Build.0 = Debug|Any CPU
		{5D31E825-182B-422B-BAF6-700D9D792949}.Release|Any CPU.ActiveCfg = Release|Any CPU
		{5D31E825-182B-422B-BAF6-700D9D792949}.Release|Any CPU.Build.0 = Release|Any CPU
		{CCA83981-16EB-4FDE-9FB7-E0A2472C4053}.Debug|Any CPU.ActiveCfg = Debug|Any CPU
		{CCA83981-16EB-4FDE-9FB7-E0A2472C4053}.Debug|Any CPU.Build.0 = Debug|Any CPU
		{CCA83981-16EB-4FDE-9FB7-E0A2472C4053}.Release|Any CPU.ActiveCfg = Release|Any CPU
		{CCA83981-16EB-4FDE-9FB7-E0A2472C4053}.Release|Any CPU.Build.0 = Release|Any CPU
	EndGlobalSection
	GlobalSection(SolutionProperties) = preSolution
		HideSolutionNode = FALSE
	EndGlobalSection
	GlobalSection(ExtensibilityGlobals) = postSolution
		SolutionGuid = {A7D7DEBA-F601-4A81-A7B6-498C3B0D0D01}
	EndGlobalSection
EndGlobal
